PODS:
  - Popup (0.1.0)

DEPENDENCIES:
  - Popup (from `https://github.com/skyshivy/PopTest.git`)

EXTERNAL SOURCES:
  Popup:
    :git: https://github.com/skyshivy/PopTest.git

CHECKOUT OPTIONS:
  Popup:
    :commit: 29383bf58fd463a0785bbf28e0f438f28f0e092e
    :git: https://github.com/skyshivy/PopTest.git

SPEC CHECKSUMS:
  Popup: 95ebc4e6ba020c747867ca0e90310157fb987e05

PODFILE CHECKSUM: b5f76c4e99bd3c50eb662cc37a8bd49cabbabbaa

COCOAPODS: 1.10.1
